
Microsoft Visual Studio Solution File, Format Version 12.00
# Visual Studio 14
VisualStudioVersion = 14.0.25420.1
MinimumVisualStudioVersion = 10.0.40219.1
Project("{FAE04EC0-301F-11D3-BF4B-00C04F79EFBC}") = "Deployment", "Deployment\Deployment.csproj", "{02B67FA9-168B-465F-B0EA-9981D1228049}"
EndProject
Project("{2150E333-8FDC-42A3-9474-1A3956D46DE8}") = "Client", "Client", "{4406CF79-9484-40C7-BF09-CDE48BF135C3}"
EndProject
Project("{2150E333-8FDC-42A3-9474-1A3956D46DE8}") = "Server", "Server", "{0D2C0DCF-4B55-4C1A-A9BF-B28669BB286D}"
EndProject
Project("{2150E333-8FDC-42A3-9474-1A3956D46DE8}") = "Notifications", "Notifications", "{1D586640-66BB-42BF-B196-247B89E2B17A}"
EndProject
Global
	GlobalSection(SolutionConfigurationPlatforms) = preSolution
		Debug|Any CPU = Debug|Any CPU
		Release|Any CPU = Release|Any CPU
	EndGlobalSection
	GlobalSection(ProjectConfigurationPlatforms) = postSolution
		{02B67FA9-168B-465F-B0EA-9981D1228049}.Debug|Any CPU.ActiveCfg = Debug|Any CPU
		{02B67FA9-168B-465F-B0EA-9981D1228049}.Debug|Any CPU.Build.0 = Debug|Any CPU
		{02B67FA9-168B-465F-B0EA-9981D1228049}.Release|Any CPU.ActiveCfg = Release|Any CPU
		{02B67FA9-168B-465F-B0EA-9981D1228049}.Release|Any CPU.Build.0 = Release|Any CPU
	EndGlobalSection
	GlobalSection(SolutionProperties) = preSolution
		HideSolutionNode = FALSE
	EndGlobalSection
EndGlobal
